
Microsoft Visual Studio Solution File, Format Version 12.00
# Visual Studio 15
VisualStudioVersion = 15.0.26020.0
MinimumVisualStudioVersion = 10.0.40219.1
Project("{FAE04EC0-301F-11D3-BF4B-00C04F79EFBC}") = "SUKL.Droid", "SUKL.Droid\SUKL.Droid.csproj", "{01288B47-3196-43FD-B51D-8A8613C2F3A6}"
EndProject
Project("{FAE04EC0-301F-11D3-BF4B-00C04F79EFBC}") = "SUKL", "SUKL\SUKL.csproj", "{0EFAD0C6-B37F-4C4D-A565-B135955D792C}"
EndProject
Project("{FAE04EC0-301F-11D3-BF4B-00C04F79EFBC}") = "SUKL.UWP", "SUKL.UWP\SUKL.UWP.csproj", "{5CAB538B-6CCE-4FC2-902C-96D2415E1EE6}"
EndProject
Project("{FAE04EC0-301F-11D3-BF4B-00C04F79EFBC}") = "SUKL.iOS", "SUKL.iOS\SUKL.iOS.csproj", "{FA419A26-67C2-47D6-AD1F-F52F9E55C460}"
EndProject
Global
	GlobalSection(SolutionConfigurationPlatforms) = preSolution
		Ad-Hoc|Any CPU = Ad-Hoc|Any CPU
		Ad-Hoc|ARM = Ad-Hoc|ARM
		Ad-Hoc|iPhone = Ad-Hoc|iPhone
		Ad-Hoc|iPhoneSimulator = Ad-Hoc|iPhoneSimulator
		Ad-Hoc|x64 = Ad-Hoc|x64
		Ad-Hoc|x86 = Ad-Hoc|x86
		AppStore|Any CPU = AppStore|Any CPU
		AppStore|ARM = AppStore|ARM
		AppStore|iPhone = AppStore|iPhone
		AppStore|iPhoneSimulator = AppStore|iPhoneSimulator
		AppStore|x64 = AppStore|x64
		AppStore|x86 = AppStore|x86
		Debug|Any CPU = Debug|Any CPU
		Debug|ARM = Debug|ARM
		Debug|iPhone = Debug|iPhone
		Debug|iPhoneSimulator = Debug|iPhoneSimulator
		Debug|x64 = Debug|x64
		Debug|x86 = Debug|x86
		Release|Any CPU = Release|Any CPU
		Release|ARM = Release|ARM
		Release|iPhone = Release|iPhone
		Release|iPhoneSimulator = Release|iPhoneSimulator
		Release|x64 = Release|x64
		Release|x86 = Release|x86
	EndGlobalSection
	GlobalSection(ProjectConfigurationPlatforms) = postSolution
		{01288B47-3196-43FD-B51D-8A8613C2F3A6}.Ad-Hoc|Any CPU.ActiveCfg = Release|Any CPU
		{01288B47-3196-43FD-B51D-8A8613C2F3A6}.Ad-Hoc|Any CPU.Build.0 = Release|Any CPU
		{01288B47-3196-43FD-B51D-8A8613C2F3A6}.Ad-Hoc|Any CPU.Deploy.0 = Release|Any CPU
		{01288B47-3196-43FD-B51D-8A8613C2F3A6}.Ad-Hoc|ARM.ActiveCfg = Release|Any CPU
		{01288B47-3196-43FD-B51D-8A8613C2F3A6}.Ad-Hoc|ARM.Build.0 = Release|Any CPU
		{01288B47-3196-43FD-B51D-8A8613C2F3A6}.Ad-Hoc|ARM.Deploy.0 = Release|Any CPU
		{01288B47-3196-43FD-B51D-8A8613C2F3A6}.Ad-Hoc|iPhone.ActiveCfg = Release|Any CPU
		{01288B47-3196-43FD-B51D-8A8613C2F3A6}.Ad-Hoc|iPhone.Build.0 = Release|Any CPU
		{01288B47-3196-43FD-B51D-8A8613C2F3A6}.Ad-Hoc|iPhone.Deploy.0 = Release|Any CPU
		{01288B47-3196-43FD-B51D-8A8613C2F3A6}.Ad-Hoc|iPhoneSimulator.ActiveCfg = Release|Any CPU
		{01288B47-3196-43FD-B51D-8A8613C2F3A6}.Ad-Hoc|iPhoneSimulator.Build.0 = Release|Any CPU
		{01288B47-3196-43FD-B51D-8A8613C2F3A6}.Ad-Hoc|iPhoneSimulator.Deploy.0 = Release|Any CPU
		{01288B47-3196-43FD-B51D-8A8613C2F3A6}.Ad-Hoc|x64.ActiveCfg = Release|Any CPU
		{01288B47-3196-43FD-B51D-8A8613C2F3A6}.Ad-Hoc|x64.Build.0 = Release|Any CPU
		{01288B47-3196-43FD-B51D-8A8613C2F3A6}.Ad-Hoc|x64.Deploy.0 = Release|Any CPU
		{01288B47-3196-43FD-B51D-8A8613C2F3A6}.Ad-Hoc|x86.ActiveCfg = Release|Any CPU
		{01288B47-3196-43FD-B51D-8A8613C2F3A6}.Ad-Hoc|x86.Build.0 = Release|Any CPU
		{01288B47-3196-43FD-B51D-8A8613C2F3A6}.Ad-Hoc|x86.Deploy.0 = Release|Any CPU
		{01288B47-3196-43FD-B51D-8A8613C2F3A6}.AppStore|Any CPU.ActiveCfg = Release|Any CPU
		{01288B47-3196-43FD-B51D-8A8613C2F3A6}.AppStore|Any CPU.Build.0 = Release|Any CPU
		{01288B47-3196-43FD-B51D-8A8613C2F3A6}.AppStore|Any CPU.Deploy.0 = Release|Any CPU
		{01288B47-3196-43FD-B51D-8A8613C2F3A6}.AppStore|ARM.ActiveCfg = Release|Any CPU
		{01288B47-3196-43FD-B51D-8A8613C2F3A6}.AppStore|ARM.Build.0 = Release|Any CPU
		{01288B47-3196-43FD-B51D-8A8613C2F3A6}.AppStore|ARM.Deploy.0 = Release|Any CPU
		{01288B47-3196-43FD-B51D-8A8613C2F3A6}.AppStore|iPhone.ActiveCfg = Release|Any CPU
		{01288B47-3196-43FD-B51D-8A8613C2F3A6}.AppStore|iPhone.Build.0 = Release|Any CPU
		{01288B47-3196-43FD-B51D-8A8613C2F3A6}.AppStore|iPhone.Deploy.0 = Release|Any CPU
		{01288B47-3196-43FD-B51D-8A8613C2F3A6}.AppStore|iPhoneSimulator.ActiveCfg = Release|Any CPU
		{01288B47-3196-43FD-B51D-8A8613C2F3A6}.AppStore|iPhoneSimulator.Build.0 = Release|Any CPU
		{01288B47-3196-43FD-B51D-8A8613C2F3A6}.AppStore|iPhoneSimulator.Deploy.0 = Release|Any CPU
		{01288B47-3196-43FD-B51D-8A8613C2F3A6}.AppStore|x64.ActiveCfg = Release|Any CPU
		{01288B47-3196-43FD-B51D-8A8613C2F3A6}.AppStore|x64.Build.0 = Release|Any CPU
		{01288B47-3196-43FD-B51D-8A8613C2F3A6}.AppStore|x64.Deploy.0 = Release|Any CPU
		{01288B47-3196-43FD-B51D-8A8613C2F3A6}.AppStore|x86.ActiveCfg = Release|Any CPU
		{01288B47-3196-43FD-B51D-8A8613C2F3A6}.AppStore|x86.Build.0 = Release|Any CPU
		{01288B47-3196-43FD-B51D-8A8613C2F3A6}.AppStore|x86.Deploy.0 = Release|Any CPU
		{01288B47-3196-43FD-B51D-8A8613C2F3A6}.Debug|Any CPU.ActiveCfg = Debug|Any CPU
		{01288B47-3196-43FD-B51D-8A8613C2F3A6}.Debug|Any CPU.Build.0 = Debug|Any CPU
		{01288B47-3196-43FD-B51D-8A8613C2F3A6}.Debug|Any CPU.Deploy.0 = Debug|Any CPU
		{01288B47-3196-43FD-B51D-8A8613C2F3A6}.Debug|ARM.ActiveCfg = Debug|Any CPU
		{01288B47-3196-43FD-B51D-8A8613C2F3A6}.Debug|ARM.Build.0 = Debug|Any CPU
		{01288B47-3196-43FD-B51D-8A8613C2F3A6}.Debug|ARM.Deploy.0 = Debug|Any CPU
		{01288B47-3196-43FD-B51D-8A8613C2F3A6}.Debug|iPhone.ActiveCfg = Debug|Any CPU
		{01288B47-3196-43FD-B51D-8A8613C2F3A6}.Debug|iPhone.Build.0 = Debug|Any CPU
		{01288B47-3196-43FD-B51D-8A8613C2F3A6}.Debug|iPhone.Deploy.0 = Debug|Any CPU
		{01288B47-3196-43FD-B51D-8A8613C2F3A6}.Debug|iPhoneSimulator.ActiveCfg = Debug|Any CPU
		{01288B47-3196-43FD-B51D-8A8613C2F3A6}.Debug|iPhoneSimulator.Build.0 = Debug|Any CPU
		{01288B47-3196-43FD-B51D-8A8613C2F3A6}.Debug|iPhoneSimulator.Deploy.0 = Debug|Any CPU
		{01288B47-3196-43FD-B51D-8A8613C2F3A6}.Debug|x64.ActiveCfg = Debug|Any CPU
		{01288B47-3196-43FD-B51D-8A8613C2F3A6}.Debug|x64.Build.0 = Debug|Any CPU
		{01288B47-3196-43FD-B51D-8A8613C2F3A6}.Debug|x64.Deploy.0 = Debug|Any CPU
		{01288B47-3196-43FD-B51D-8A8613C2F3A6}.Debug|x86.ActiveCfg = Debug|Any CPU
		{01288B47-3196-43FD-B51D-8A8613C2F3A6}.Debug|x86.Build.0 = Debug|Any CPU
		{01288B47-3196-43FD-B51D-8A8613C2F3A6}.Debug|x86.Deploy.0 = Debug|Any CPU
		{01288B47-3196-43FD-B51D-8A8613C2F3A6}.Release|Any CPU.ActiveCfg = Release|Any CPU
		{01288B47-3196-43FD-B51D-8A8613C2F3A6}.Release|Any CPU.Build.0 = Release|Any CPU
		{01288B47-3196-43FD-B51D-8A8613C2F3A6}.Release|Any CPU.Deploy.0 = Release|Any CPU
		{01288B47-3196-43FD-B51D-8A8613C2F3A6}.Release|ARM.ActiveCfg = Release|Any CPU
		{01288B47-3196-43FD-B51D-8A8613C2F3A6}.Release|ARM.Build.0 = Release|Any CPU
		{01288B47-3196-43FD-B51D-8A8613C2F3A6}.Release|ARM.Deploy.0 = Release|Any CPU
		{01288B47-3196-43FD-B51D-8A8613C2F3A6}.Release|iPhone.ActiveCfg = Release|Any CPU
		{01288B47-3196-43FD-B51D-8A8613C2F3A6}.Release|iPhone.Build.0 = Release|Any CPU
		{01288B47-3196-43FD-B51D-8A8613C2F3A6}.Release|iPhone.Deploy.0 = Release|Any CPU
		{01288B47-3196-43FD-B51D-8A8613C2F3A6}.Release|iPhoneSimulator.ActiveCfg = Release|Any CPU
		{01288B47-3196-43FD-B51D-8A8613C2F3A6}.Release|iPhoneSimulator.Build.0 = Release|Any CPU
		{01288B47-3196-43FD-B51D-8A8613C2F3A6}.Release|iPhoneSimulator.Deploy.0 = Release|Any CPU
		{01288B47-3196-43FD-B51D-8A8613C2F3A6}.Release|x64.ActiveCfg = Release|Any CPU
		{01288B47-3196-43FD-B51D-8A8613C2F3A6}.Release|x64.Build.0 = Release|Any CPU
		{01288B47-3196-43FD-B51D-8A8613C2F3A6}.Release|x64.Deploy.0 = Release|Any CPU
		{01288B47-3196-43FD-B51D-8A8613C2F3A6}.Release|x86.ActiveCfg = Release|Any CPU
		{01288B47-3196-43FD-B51D-8A8613C2F3A6}.Release|x86.Build.0 = Release|Any CPU
		{01288B47-3196-43FD-B51D-8A8613C2F3A6}.Release|x86.Deploy.0 = Release|Any CPU
		{0EFAD0C6-B37F-4C4D-A565-B135955D792C}.Ad-Hoc|Any CPU.ActiveCfg = Release|Any CPU
		{0EFAD0C6-B37F-4C4D-A565-B135955D792C}.Ad-Hoc|Any CPU.Build.0 = Release|Any CPU
		{0EFAD0C6-B37F-4C4D-A565-B135955D792C}.Ad-Hoc|ARM.ActiveCfg = Release|Any CPU
		{0EFAD0C6-B37F-4C4D-A565-B135955D792C}.Ad-Hoc|ARM.Build.0 = Release|Any CPU
		{0EFAD0C6-B37F-4C4D-A565-B135955D792C}.Ad-Hoc|iPhone.ActiveCfg = Release|Any CPU
		{0EFAD0C6-B37F-4C4D-A565-B135955D792C}.Ad-Hoc|iPhone.Build.0 = Release|Any CPU
		{0EFAD0C6-B37F-4C4D-A565-B135955D792C}.Ad-Hoc|iPhoneSimulator.ActiveCfg = Release|Any CPU
		{0EFAD0C6-B37F-4C4D-A565-B135955D792C}.Ad-Hoc|iPhoneSimulator.Build.0 = Release|Any CPU
		{0EFAD0C6-B37F-4C4D-A565-B135955D792C}.Ad-Hoc|x64.ActiveCfg = Release|Any CPU
		{0EFAD0C6-B37F-4C4D-A565-B135955D792C}.Ad-Hoc|x64.Build.0 = Release|Any CPU
		{0EFAD0C6-B37F-4C4D-A565-B135955D792C}.Ad-Hoc|x86.ActiveCfg = Release|Any CPU
		{0EFAD0C6-B37F-4C4D-A565-B135955D792C}.Ad-Hoc|x86.Build.0 = Release|Any CPU
		{0EFAD0C6-B37F-4C4D-A565-B135955D792C}.AppStore|Any CPU.ActiveCfg = Release|Any CPU
		{0EFAD0C6-B37F-4C4D-A565-B135955D792C}.AppStore|Any CPU.Build.0 = Release|Any CPU
		{0EFAD0C6-B37F-4C4D-A565-B135955D792C}.AppStore|ARM.ActiveCfg = Release|Any CPU
		{0EFAD0C6-B37F-4C4D-A565-B135955D792C}.AppStore|ARM.Build.0 = Release|Any CPU
		{0EFAD0C6-B37F-4C4D-A565-B135955D792C}.AppStore|iPhone.ActiveCfg = Release|Any CPU
		{0EFAD0C6-B37F-4C4D-A565-B135955D792C}.AppStore|iPhone.Build.0 = Release|Any CPU
		{0EFAD0C6-B37F-4C4D-A565-B135955D792C}.AppStore|iPhoneSimulator.ActiveCfg = Release|Any CPU
		{0EFAD0C6-B37F-4C4D-A565-B135955D792C}.AppStore|iPhoneSimulator.Build.0 = Release|Any CPU
		{0EFAD0C6-B37F-4C4D-A565-B135955D792C}.AppStore|x64.ActiveCfg = Release|Any CPU
		{0EFAD0C6-B37F-4C4D-A565-B135955D792C}.AppStore|x64.Build.0 = Release|Any CPU
		{0EFAD0C6-B37F-4C4D-A565-B135955D792C}.AppStore|x86.ActiveCfg = Release|Any CPU
		{0EFAD0C6-B37F-4C4D-A565-B135955D792C}.AppStore|x86.Build.0 = Release|Any CPU
		{0EFAD0C6-B37F-4C4D-A565-B135955D792C}.Debug|Any CPU.ActiveCfg = Debug|Any CPU
		{0EFAD0C6-B37F-4C4D-A565-B135955D792C}.Debug|Any CPU.Build.0 = Debug|Any CPU
		{0EFAD0C6-B37F-4C4D-A565-B135955D792C}.Debug|ARM.ActiveCfg = Debug|Any CPU
		{0EFAD0C6-B37F-4C4D-A565-B135955D792C}.Debug|ARM.Build.0 = Debug|Any CPU
		{0EFAD0C6-B37F-4C4D-A565-B135955D792C}.Debug|iPhone.ActiveCfg = Debug|Any CPU
		{0EFAD0C6-B37F-4C4D-A565-B135955D792C}.Debug|iPhone.Build.0 = Debug|Any CPU
		{0EFAD0C6-B37F-4C4D-A565-B135955D792C}.Debug|iPhoneSimulator.ActiveCfg = Debug|Any CPU
		{0EFAD0C6-B37F-4C4D-A565-B135955D792C}.Debug|iPhoneSimulator.Build.0 = Debug|Any CPU
		{0EFAD0C6-B37F-4C4D-A565-B135955D792C}.Debug|x64.ActiveCfg = Debug|Any CPU
		{0EFAD0C6-B37F-4C4D-A565-B135955D792C}.Debug|x64.Build.0 = Debug|Any CPU
		{0EFAD0C6-B37F-4C4D-A565-B135955D792C}.Debug|x86.ActiveCfg = Debug|Any CPU
		{0EFAD0C6-B37F-4C4D-A565-B135955D792C}.Debug|x86.Build.0 = Debug|Any CPU
		{0EFAD0C6-B37F-4C4D-A565-B135955D792C}.Release|Any CPU.ActiveCfg = Release|Any CPU
		{0EFAD0C6-B37F-4C4D-A565-B135955D792C}.Release|Any CPU.Build.0 = Release|Any CPU
		{0EFAD0C6-B37F-4C4D-A565-B135955D792C}.Release|ARM.ActiveCfg = Release|Any CPU
		{0EFAD0C6-B37F-4C4D-A565-B135955D792C}.Release|ARM.Build.0 = Release|Any CPU
		{0EFAD0C6-B37F-4C4D-A565-B135955D792C}.Release|iPhone.ActiveCfg = Release|Any CPU
		{0EFAD0C6-B37F-4C4D-A565-B135955D792C}.Release|iPhone.Build.0 = Release|Any CPU
		{0EFAD0C6-B37F-4C4D-A565-B135955D792C}.Release|iPhoneSimulator.ActiveCfg = Release|Any CPU
		{0EFAD0C6-B37F-4C4D-A565-B135955D792C}.Release|iPhoneSimulator.Build.0 = Release|Any CPU
		{0EFAD0C6-B37F-4C4D-A565-B135955D792C}.Release|x64.ActiveCfg = Release|Any CPU
		{0EFAD0C6-B37F-4C4D-A565-B135955D792C}.Release|x64.Build.0 = Release|Any CPU
		{0EFAD0C6-B37F-4C4D-A565-B135955D792C}.Release|x86.ActiveCfg = Release|Any CPU
		{0EFAD0C6-B37F-4C4D-A565-B135955D792C}.Release|x86.Build.0 = Release|Any CPU
		{5CAB538B-6CCE-4FC2-902C-96D2415E1EE6}.Ad-Hoc|Any CPU.ActiveCfg = Release|x86
		{5CAB538B-6CCE-4FC2-902C-96D2415E1EE6}.Ad-Hoc|Any CPU.Build.0 = Release|x86
		{5CAB538B-6CCE-4FC2-902C-96D2415E1EE6}.Ad-Hoc|Any CPU.Deploy.0 = Release|x86
		{5CAB538B-6CCE-4FC2-902C-96D2415E1EE6}.Ad-Hoc|ARM.ActiveCfg = Release|ARM
		{5CAB538B-6CCE-4FC2-902C-96D2415E1EE6}.Ad-Hoc|ARM.Build.0 = Release|ARM
		{5CAB538B-6CCE-4FC2-902C-96D2415E1EE6}.Ad-Hoc|ARM.Deploy.0 = Release|ARM
		{5CAB538B-6CCE-4FC2-902C-96D2415E1EE6}.Ad-Hoc|iPhone.ActiveCfg = Release|x86
		{5CAB538B-6CCE-4FC2-902C-96D2415E1EE6}.Ad-Hoc|iPhone.Build.0 = Release|x86
		{5CAB538B-6CCE-4FC2-902C-96D2415E1EE6}.Ad-Hoc|iPhone.Deploy.0 = Release|x86
		{5CAB538B-6CCE-4FC2-902C-96D2415E1EE6}.Ad-Hoc|iPhoneSimulator.ActiveCfg = Release|x86
		{5CAB538B-6CCE-4FC2-902C-96D2415E1EE6}.Ad-Hoc|iPhoneSimulator.Build.0 = Release|x86
		{5CAB538B-6CCE-4FC2-902C-96D2415E1EE6}.Ad-Hoc|iPhoneSimulator.Deploy.0 = Release|x86
		{5CAB538B-6CCE-4FC2-902C-96D2415E1EE6}.Ad-Hoc|x64.ActiveCfg = Release|x64
		{5CAB538B-6CCE-4FC2-902C-96D2415E1EE6}.Ad-Hoc|x64.Build.0 = Release|x64
		{5CAB538B-6CCE-4FC2-902C-96D2415E1EE6}.Ad-Hoc|x64.Deploy.0 = Release|x64
		{5CAB538B-6CCE-4FC2-902C-96D2415E1EE6}.Ad-Hoc|x86.ActiveCfg = Release|x86
		{5CAB538B-6CCE-4FC2-902C-96D2415E1EE6}.Ad-Hoc|x86.Build.0 = Release|x86
		{5CAB538B-6CCE-4FC2-902C-96D2415E1EE6}.Ad-Hoc|x86.Deploy.0 = Release|x86
		{5CAB538B-6CCE-4FC2-902C-96D2415E1EE6}.AppStore|Any CPU.ActiveCfg = Release|x86
		{5CAB538B-6CCE-4FC2-902C-96D2415E1EE6}.AppStore|Any CPU.Build.0 = Release|x86
		{5CAB538B-6CCE-4FC2-902C-96D2415E1EE6}.AppStore|Any CPU.Deploy.0 = Release|x86
		{5CAB538B-6CCE-4FC2-902C-96D2415E1EE6}.AppStore|ARM.ActiveCfg = Release|ARM
		{5CAB538B-6CCE-4FC2-902C-96D2415E1EE6}.AppStore|ARM.Build.0 = Release|ARM
		{5CAB538B-6CCE-4FC2-902C-96D2415E1EE6}.AppStore|ARM.Deploy.0 = Release|ARM
		{5CAB538B-6CCE-4FC2-902C-96D2415E1EE6}.AppStore|iPhone.ActiveCfg = Release|x86
		{5CAB538B-6CCE-4FC2-902C-96D2415E1EE6}.AppStore|iPhone.Build.0 = Release|x86
		{5CAB538B-6CCE-4FC2-902C-96D2415E1EE6}.AppStore|iPhone.Deploy.0 = Release|x86
		{5CAB538B-6CCE-4FC2-902C-96D2415E1EE6}.AppStore|iPhoneSimulator.ActiveCfg = Release|x86
		{5CAB538B-6CCE-4FC2-902C-96D2415E1EE6}.AppStore|iPhoneSimulator.Build.0 = Release|x86
		{5CAB538B-6CCE-4FC2-902C-96D2415E1EE6}.AppStore|iPhoneSimulator.Deploy.0 = Release|x86
		{5CAB538B-6CCE-4FC2-902C-96D2415E1EE6}.AppStore|x64.ActiveCfg = Release|x64
		{5CAB538B-6CCE-4FC2-902C-96D2415E1EE6}.AppStore|x64.Build.0 = Release|x64
		{5CAB538B-6CCE-4FC2-902C-96D2415E1EE6}.AppStore|x64.Deploy.0 = Release|x64
		{5CAB538B-6CCE-4FC2-902C-96D2415E1EE6}.AppStore|x86.ActiveCfg = Release|x86
		{5CAB538B-6CCE-4FC2-902C-96D2415E1EE6}.AppStore|x86.Build.0 = Release|x86
		{5CAB538B-6CCE-4FC2-902C-96D2415E1EE6}.AppStore|x86.Deploy.0 = Release|x86
		{5CAB538B-6CCE-4FC2-902C-96D2415E1EE6}.Debug|Any CPU.ActiveCfg = Debug|x86
		{5CAB538B-6CCE-4FC2-902C-96D2415E1EE6}.Debug|ARM.ActiveCfg = Debug|ARM
		{5CAB538B-6CCE-4FC2-902C-96D2415E1EE6}.Debug|ARM.Build.0 = Debug|ARM
		{5CAB538B-6CCE-4FC2-902C-96D2415E1EE6}.Debug|ARM.Deploy.0 = Debug|ARM
		{5CAB538B-6CCE-4FC2-902C-96D2415E1EE6}.Debug|iPhone.ActiveCfg = Debug|x86
		{5CAB538B-6CCE-4FC2-902C-96D2415E1EE6}.Debug|iPhoneSimulator.ActiveCfg = Debug|x86
		{5CAB538B-6CCE-4FC2-902C-96D2415E1EE6}.Debug|x64.ActiveCfg = Debug|x64
		{5CAB538B-6CCE-4FC2-902C-96D2415E1EE6}.Debug|x64.Build.0 = Debug|x64
		{5CAB538B-6CCE-4FC2-902C-96D2415E1EE6}.Debug|x64.Deploy.0 = Debug|x64
		{5CAB538B-6CCE-4FC2-902C-96D2415E1EE6}.Debug|x86.ActiveCfg = Debug|x86
		{5CAB538B-6CCE-4FC2-902C-96D2415E1EE6}.Debug|x86.Build.0 = Debug|x86
		{5CAB538B-6CCE-4FC2-902C-96D2415E1EE6}.Debug|x86.Deploy.0 = Debug|x86
		{5CAB538B-6CCE-4FC2-902C-96D2415E1EE6}.Release|Any CPU.ActiveCfg = Release|x86
		{5CAB538B-6CCE-4FC2-902C-96D2415E1EE6}.Release|ARM.ActiveCfg = Release|ARM
		{5CAB538B-6CCE-4FC2-902C-96D2415E1EE6}.Release|ARM.Build.0 = Release|ARM
		{5CAB538B-6CCE-4FC2-902C-96D2415E1EE6}.Release|ARM.Deploy.0 = Release|ARM
		{5CAB538B-6CCE-4FC2-902C-96D2415E1EE6}.Release|iPhone.ActiveCfg = Release|x86
		{5CAB538B-6CCE-4FC2-902C-96D2415E1EE6}.Release|iPhoneSimulator.ActiveCfg = Release|x86
		{5CAB538B-6CCE-4FC2-902C-96D2415E1EE6}.Release|x64.ActiveCfg = Release|x64
		{5CAB538B-6CCE-4FC2-902C-96D2415E1EE6}.Release|x64.Build.0 = Release|x64
		{5CAB538B-6CCE-4FC2-902C-96D2415E1EE6}.Release|x64.Deploy.0 = Release|x64
		{5CAB538B-6CCE-4FC2-902C-96D2415E1EE6}.Release|x86.ActiveCfg = Release|x86
		{5CAB538B-6CCE-4FC2-902C-96D2415E1EE6}.Release|x86.Build.0 = Release|x86
		{5CAB538B-6CCE-4FC2-902C-96D2415E1EE6}.Release|x86.Deploy.0 = Release|x86
		{FA419A26-67C2-47D6-AD1F-F52F9E55C460}.Ad-Hoc|Any CPU.ActiveCfg = Ad-Hoc|iPhone
		{FA419A26-67C2-47D6-AD1F-F52F9E55C460}.Ad-Hoc|ARM.ActiveCfg = Ad-Hoc|iPhone
		{FA419A26-67C2-47D6-AD1F-F52F9E55C460}.Ad-Hoc|iPhone.ActiveCfg = Ad-Hoc|iPhone
		{FA419A26-67C2-47D6-AD1F-F52F9E55C460}.Ad-Hoc|iPhone.Build.0 = Ad-Hoc|iPhone
		{FA419A26-67C2-47D6-AD1F-F52F9E55C460}.Ad-Hoc|iPhoneSimulator.ActiveCfg = Ad-Hoc|iPhoneSimulator
		{FA419A26-67C2-47D6-AD1F-F52F9E55C460}.Ad-Hoc|iPhoneSimulator.Build.0 = Ad-Hoc|iPhoneSimulator
		{FA419A26-67C2-47D6-AD1F-F52F9E55C460}.Ad-Hoc|x64.ActiveCfg = Ad-Hoc|iPhone
		{FA419A26-67C2-47D6-AD1F-F52F9E55C460}.Ad-Hoc|x86.ActiveCfg = Ad-Hoc|iPhone
		{FA419A26-67C2-47D6-AD1F-F52F9E55C460}.AppStore|Any CPU.ActiveCfg = AppStore|iPhone
		{FA419A26-67C2-47D6-AD1F-F52F9E55C460}.AppStore|ARM.ActiveCfg = AppStore|iPhone
		{FA419A26-67C2-47D6-AD1F-F52F9E55C460}.AppStore|iPhone.ActiveCfg = AppStore|iPhone
		{FA419A26-67C2-47D6-AD1F-F52F9E55C460}.AppStore|iPhone.Build.0 = AppStore|iPhone
		{FA419A26-67C2-47D6-AD1F-F52F9E55C460}.AppStore|iPhoneSimulator.ActiveCfg = AppStore|iPhoneSimulator
		{FA419A26-67C2-47D6-AD1F-F52F9E55C460}.AppStore|iPhoneSimulator.Build.0 = AppStore|iPhoneSimulator
		{FA419A26-67C2-47D6-AD1F-F52F9E55C460}.AppStore|x64.ActiveCfg = AppStore|iPhone
		{FA419A26-67C2-47D6-AD1F-F52F9E55C460}.AppStore|x86.ActiveCfg = AppStore|iPhone
		{FA419A26-67C2-47D6-AD1F-F52F9E55C460}.Debug|Any CPU.ActiveCfg = Debug|iPhone
		{FA419A26-67C2-47D6-AD1F-F52F9E55C460}.Debug|ARM.ActiveCfg = Debug|iPhone
		{FA419A26-67C2-47D6-AD1F-F52F9E55C460}.Debug|iPhone.ActiveCfg = Debug|iPhone
		{FA419A26-67C2-47D6-AD1F-F52F9E55C460}.Debug|iPhone.Build.0 = Debug|iPhone
		{FA419A26-67C2-47D6-AD1F-F52F9E55C460}.Debug|iPhoneSimulator.ActiveCfg = Debug|iPhoneSimulator
		{FA419A26-67C2-47D6-AD1F-F52F9E55C460}.Debug|iPhoneSimulator.Build.0 = Debug|iPhoneSimulator
		{FA419A26-67C2-47D6-AD1F-F52F9E55C460}.Debug|x64.ActiveCfg = Debug|iPhone
		{FA419A26-67C2-47D6-AD1F-F52F9E55C460}.Debug|x86.ActiveCfg = Debug|iPhone
		{FA419A26-67C2-47D6-AD1F-F52F9E55C460}.Release|Any CPU.ActiveCfg = Release|iPhone
		{FA419A26-67C2-47D6-AD1F-F52F9E55C460}.Release|ARM.ActiveCfg = Release|iPhone
		{FA419A26-67C2-47D6-AD1F-F52F9E55C460}.Release|iPhone.ActiveCfg = Release|iPhone
		{FA419A26-67C2-47D6-AD1F-F52F9E55C460}.Release|iPhone.Build.0 = Release|iPhone
		{FA419A26-67C2-47D6-AD1F-F52F9E55C460}.Release|iPhoneSimulator.ActiveCfg = Release|iPhoneSimulator
		{FA419A26-67C2-47D6-AD1F-F52F9E55C460}.Release|iPhoneSimulator.Build.0 = Release|iPhoneSimulator
		{FA419A26-67C2-47D6-AD1F-F52F9E55C460}.Release|x64.ActiveCfg = Release|iPhone
		{FA419A26-67C2-47D6-AD1F-F52F9E55C460}.Release|x86.ActiveCfg = Release|iPhone
	EndGlobalSection
	GlobalSection(SolutionProperties) = preSolution
		HideSolutionNode = FALSE
	EndGlobalSection
EndGlobal
